
Microsoft Visual Studio Solution File, Format Version 12.00
# Visual Studio Version 17
VisualStudioVersion = 17.9.34622.214
MinimumVisualStudioVersion = 10.0.40219.1
Project("{FAE04EC0-301F-11D3-BF4B-00C04F79EFBC}") = "WebApi", "WebApi.csproj", "{8E08B76B-619F-4A3C-B79E-F655C95CEDC0}"
EndProject
Global
	GlobalSection(SolutionConfigurationPlatforms) = preSolution
		Debug|Any CPU = Debug|Any CPU
		Release|Any CPU = Release|Any CPU
	EndGlobalSection
	GlobalSection(ProjectConfigurationPlatforms) = postSolution
		{8E08B76B-619F-4A3C-B79E-F655C95CEDC0}.Debug|Any CPU.ActiveCfg = Debug|Any CPU
		{8E08B76B-619F-4A3C-B79E-F655C95CEDC0}.Debug|Any CPU.Build.0 = Debug|Any CPU
		{8E08B76B-619F-4A3C-B79E-F655C95CEDC0}.Release|Any CPU.ActiveCfg = Release|Any CPU
		{8E08B76B-619F-4A3C-B79E-F655C95CEDC0}.Release|Any CPU.Build.0 = Release|Any CPU
	EndGlobalSection
	GlobalSection(SolutionProperties) = preSolution
		HideSolutionNode = FALSE
	EndGlobalSection
	GlobalSection(ExtensibilityGlobals) = postSolution
		SolutionGuid = {4939D6C4-3688-4812-A05A-DBBB25B4D430}
	EndGlobalSection
EndGlobal
